
Microsoft Visual Studio Solution File, Format Version 12.00
# Visual Studio 2012
Project("{FAE04EC0-301F-11D3-BF4B-00C04F79EFBC}") = "MvvmCrossNavigationDemo", "MvvmCrossNavigationDemo\MvvmCrossNavigationDemo.csproj", "{9F65A953-205E-4D41-BD4A-33BF579B77D7}"
EndProject
Project("{FAE04EC0-301F-11D3-BF4B-00C04F79EFBC}") = "MvvmCrossNavigationDemo.iOS", "iOS\MvvmCrossNavigationDemo.iOS.csproj", "{3AE63A70-6648-45C8-BBEC-D5F2D0C6C27B}"
EndProject
Project("{FAE04EC0-301F-11D3-BF4B-00C04F79EFBC}") = "MvvmCrossNavigationDemo.Droid", "Droid\MvvmCrossNavigationDemo.Droid.csproj", "{1DA8F3E6-11FD-4CC5-B386-89511B790E30}"
EndProject
Project("{FAE04EC0-301F-11D3-BF4B-00C04F79EFBC}") = "MvvmCrossNavigationDemo.UITests", "UITests\MvvmCrossNavigationDemo.UITests.csproj", "{6779DF8F-79EF-43C7-ABE3-C935E341B737}"
EndProject
Global
	GlobalSection(SolutionConfigurationPlatforms) = preSolution
		Debug|Any CPU = Debug|Any CPU
		Release|Any CPU = Release|Any CPU
		Debug|iPhoneSimulator = Debug|iPhoneSimulator
		Release|iPhone = Release|iPhone
		Release|iPhoneSimulator = Release|iPhoneSimulator
		Debug|iPhone = Debug|iPhone
	EndGlobalSection
	GlobalSection(ProjectConfigurationPlatforms) = postSolution
		{1DA8F3E6-11FD-4CC5-B386-89511B790E30}.Debug|Any CPU.ActiveCfg = Debug|Any CPU
		{1DA8F3E6-11FD-4CC5-B386-89511B790E30}.Debug|Any CPU.Build.0 = Debug|Any CPU
		{1DA8F3E6-11FD-4CC5-B386-89511B790E30}.Debug|iPhone.ActiveCfg = Debug|Any CPU
		{1DA8F3E6-11FD-4CC5-B386-89511B790E30}.Debug|iPhone.Build.0 = Debug|Any CPU
		{1DA8F3E6-11FD-4CC5-B386-89511B790E30}.Debug|iPhoneSimulator.ActiveCfg = Debug|Any CPU
		{1DA8F3E6-11FD-4CC5-B386-89511B790E30}.Debug|iPhoneSimulator.Build.0 = Debug|Any CPU
		{1DA8F3E6-11FD-4CC5-B386-89511B790E30}.Release|Any CPU.ActiveCfg = Release|Any CPU
		{1DA8F3E6-11FD-4CC5-B386-89511B790E30}.Release|Any CPU.Build.0 = Release|Any CPU
		{1DA8F3E6-11FD-4CC5-B386-89511B790E30}.Release|iPhone.ActiveCfg = Release|Any CPU
		{1DA8F3E6-11FD-4CC5-B386-89511B790E30}.Release|iPhone.Build.0 = Release|Any CPU
		{1DA8F3E6-11FD-4CC5-B386-89511B790E30}.Release|iPhoneSimulator.ActiveCfg = Release|Any CPU
		{1DA8F3E6-11FD-4CC5-B386-89511B790E30}.Release|iPhoneSimulator.Build.0 = Release|Any CPU
		{3AE63A70-6648-45C8-BBEC-D5F2D0C6C27B}.Debug|Any CPU.ActiveCfg = Debug|iPhoneSimulator
		{3AE63A70-6648-45C8-BBEC-D5F2D0C6C27B}.Debug|Any CPU.Build.0 = Debug|iPhoneSimulator
		{3AE63A70-6648-45C8-BBEC-D5F2D0C6C27B}.Debug|iPhone.ActiveCfg = Debug|iPhone
		{3AE63A70-6648-45C8-BBEC-D5F2D0C6C27B}.Debug|iPhone.Build.0 = Debug|iPhone
		{3AE63A70-6648-45C8-BBEC-D5F2D0C6C27B}.Debug|iPhoneSimulator.ActiveCfg = Debug|iPhoneSimulator
		{3AE63A70-6648-45C8-BBEC-D5F2D0C6C27B}.Debug|iPhoneSimulator.Build.0 = Debug|iPhoneSimulator
		{3AE63A70-6648-45C8-BBEC-D5F2D0C6C27B}.Release|Any CPU.ActiveCfg = Release|iPhone
		{3AE63A70-6648-45C8-BBEC-D5F2D0C6C27B}.Release|Any CPU.Build.0 = Release|iPhone
		{3AE63A70-6648-45C8-BBEC-D5F2D0C6C27B}.Release|iPhone.ActiveCfg = Release|iPhone
		{3AE63A70-6648-45C8-BBEC-D5F2D0C6C27B}.Release|iPhone.Build.0 = Release|iPhone
		{3AE63A70-6648-45C8-BBEC-D5F2D0C6C27B}.Release|iPhoneSimulator.ActiveCfg = Release|iPhoneSimulator
		{3AE63A70-6648-45C8-BBEC-D5F2D0C6C27B}.Release|iPhoneSimulator.Build.0 = Release|iPhoneSimulator
		{6779DF8F-79EF-43C7-ABE3-C935E341B737}.Debug|Any CPU.ActiveCfg = Debug|Any CPU
		{6779DF8F-79EF-43C7-ABE3-C935E341B737}.Debug|Any CPU.Build.0 = Debug|Any CPU
		{6779DF8F-79EF-43C7-ABE3-C935E341B737}.Debug|iPhone.ActiveCfg = Debug|Any CPU
		{6779DF8F-79EF-43C7-ABE3-C935E341B737}.Debug|iPhone.Build.0 = Debug|Any CPU
		{6779DF8F-79EF-43C7-ABE3-C935E341B737}.Debug|iPhoneSimulator.ActiveCfg = Debug|Any CPU
		{6779DF8F-79EF-43C7-ABE3-C935E341B737}.Debug|iPhoneSimulator.Build.0 = Debug|Any CPU
		{6779DF8F-79EF-43C7-ABE3-C935E341B737}.Release|Any CPU.ActiveCfg = Release|Any CPU
		{6779DF8F-79EF-43C7-ABE3-C935E341B737}.Release|Any CPU.Build.0 = Release|Any CPU
		{6779DF8F-79EF-43C7-ABE3-C935E341B737}.Release|iPhone.ActiveCfg = Release|Any CPU
		{6779DF8F-79EF-43C7-ABE3-C935E341B737}.Release|iPhone.Build.0 = Release|Any CPU
		{6779DF8F-79EF-43C7-ABE3-C935E341B737}.Release|iPhoneSimulator.ActiveCfg = Release|Any CPU
		{6779DF8F-79EF-43C7-ABE3-C935E341B737}.Release|iPhoneSimulator.Build.0 = Release|Any CPU
		{9F65A953-205E-4D41-BD4A-33BF579B77D7}.Debug|Any CPU.ActiveCfg = Debug|Any CPU
		{9F65A953-205E-4D41-BD4A-33BF579B77D7}.Debug|Any CPU.Build.0 = Debug|Any CPU
		{9F65A953-205E-4D41-BD4A-33BF579B77D7}.Debug|iPhone.ActiveCfg = Debug|Any CPU
		{9F65A953-205E-4D41-BD4A-33BF579B77D7}.Debug|iPhone.Build.0 = Debug|Any CPU
		{9F65A953-205E-4D41-BD4A-33BF579B77D7}.Debug|iPhoneSimulator.ActiveCfg = Debug|Any CPU
		{9F65A953-205E-4D41-BD4A-33BF579B77D7}.Debug|iPhoneSimulator.Build.0 = Debug|Any CPU
		{9F65A953-205E-4D41-BD4A-33BF579B77D7}.Release|Any CPU.ActiveCfg = Release|Any CPU
		{9F65A953-205E-4D41-BD4A-33BF579B77D7}.Release|Any CPU.Build.0 = Release|Any CPU
		{9F65A953-205E-4D41-BD4A-33BF579B77D7}.Release|iPhone.ActiveCfg = Release|Any CPU
		{9F65A953-205E-4D41-BD4A-33BF579B77D7}.Release|iPhone.Build.0 = Release|Any CPU
		{9F65A953-205E-4D41-BD4A-33BF579B77D7}.Release|iPhoneSimulator.ActiveCfg = Release|Any CPU
		{9F65A953-205E-4D41-BD4A-33BF579B77D7}.Release|iPhoneSimulator.Build.0 = Release|Any CPU
	EndGlobalSection
EndGlobal
